
Microsoft Visual Studio Solution File, Format Version 12.00
# Visual Studio Version 16
VisualStudioVersion = 16.0.28729.10
MinimumVisualStudioVersion = 10.0.40219.1
Project("{FAE04EC0-301F-11D3-BF4B-00C04F79EFBC}") = "Ejercicio largo calculadora", "Ejercicio largo calculadora\Ejercicio largo calculadora.csproj", "{DD8E625C-BAA4-4CF5-B0D1-864029F48858}"
EndProject
Global
	GlobalSection(SolutionConfigurationPlatforms) = preSolution
		Debug|Any CPU = Debug|Any CPU
		Release|Any CPU = Release|Any CPU
	EndGlobalSection
	GlobalSection(ProjectConfigurationPlatforms) = postSolution
		{DD8E625C-BAA4-4CF5-B0D1-864029F48858}.Debug|Any CPU.ActiveCfg = Debug|Any CPU
		{DD8E625C-BAA4-4CF5-B0D1-864029F48858}.Debug|Any CPU.Build.0 = Debug|Any CPU
		{DD8E625C-BAA4-4CF5-B0D1-864029F48858}.Release|Any CPU.ActiveCfg = Release|Any CPU
		{DD8E625C-BAA4-4CF5-B0D1-864029F48858}.Release|Any CPU.Build.0 = Release|Any CPU
	EndGlobalSection
	GlobalSection(SolutionProperties) = preSolution
		HideSolutionNode = FALSE
	EndGlobalSection
	GlobalSection(ExtensibilityGlobals) = postSolution
		SolutionGuid = {0884308F-F922-4C06-97F6-DA13935C3D98}
	EndGlobalSection
EndGlobal
